# THIS IS AN AUTOGENERATED FILE. DO NOT EDIT THIS FILE DIRECTLY.
# yarn lockfile v1


fp-ts@^2.0.5:
  version "2.0.5"
  resolved "https://registry.yarnpkg.com/fp-ts/-/fp-ts-2.0.5.tgz#9560d8a6a4f53cbda9f9b31ed8d1458e41939e07"
  integrity sha512-opI5r+rVlpZE7Rhk0YtqsrmxGkbIw0dRNqGca8FEAMMnjomXotG+R9QkLQg20onx7R8qhepAn4CCOP8usma/Xw==

io-ts@^2.0.1:
  version "2.0.1"
  resolved "https://registry.yarnpkg.com/io-ts/-/io-ts-2.0.1.tgz#1261c12f915c2f48d16393a36966636b48a45aa1"
  integrity sha512-RezD+WcCfW4VkMkEcQWL/Nmy/nqsWTvTYg7oUmTGzglvSSV2P9h2z1PVeREPFf0GWNzruYleAt1XCMQZSg1xxQ==
